
Microsoft Visual Studio Solution File, Format Version 11.00
# Visual Studio 2010
Project("{FAE04EC0-301F-11D3-BF4B-00C04F79EFBC}") = "CoolChars", "CoolChars\CoolChars.csproj", "{DB814F85-6BDF-49CB-ACD8-9B74F5FC3D03}"
EndProject
Global
	GlobalSection(SolutionConfigurationPlatforms) = preSolution
		Debug|x86 = Debug|x86
		Release|x86 = Release|x86
	EndGlobalSection
	GlobalSection(ProjectConfigurationPlatforms) = postSolution
		{DB814F85-6BDF-49CB-ACD8-9B74F5FC3D03}.Debug|x86.ActiveCfg = Release|x86
		{DB814F85-6BDF-49CB-ACD8-9B74F5FC3D03}.Debug|x86.Build.0 = Release|x86
		{DB814F85-6BDF-49CB-ACD8-9B74F5FC3D03}.Release|x86.ActiveCfg = Release|x86
		{DB814F85-6BDF-49CB-ACD8-9B74F5FC3D03}.Release|x86.Build.0 = Release|x86
	EndGlobalSection
	GlobalSection(SolutionProperties) = preSolution
		HideSolutionNode = FALSE
	EndGlobalSection
EndGlobal
